// !$*UTF8*$!
{
	archiveVersion = 1;
	classes = {
	};
	objectVersion = 46;
	objects = {

/* Begin PBXBuildFile section */
		BC2DC2A51B38EFAE00E8B021 /* main.m in Sources */ = {isa = PBXBuildFile; fileRef = BC2DC2A41B38EFAE00E8B021 /* main.m */; };
/* End PBXBuildFile section */

/* Begin PBXCopyFilesBuildPhase section */
		BC2DC29F1B38EFAE00E8B021 /* CopyFiles */ = {
			isa = PBXCopyFilesBuildPhase;
			buildActionMask = 2147483647;
			dstPath = /usr/share/man/man1/;
			dstSubfolderSpec = 0;
			files = (
			);
			runOnlyForDeploymentPostprocessing = 1;
		};
/* End PBXCopyFilesBuildPhase section */

/* Begin PBXFileReference section */
		BC2DC2A11B38EFAE00E8B021 /* OC_PList */ = {isa = PBXFileReference; explicitFileType = "compiled.mach-o.executable"; includeInIndex = 0; path = OC_PList; sourceTree = BUILT_PRODUCTS_DIR; };
		BC2DC2A41B38EFAE00E8B021 /* main.m */ = {isa = PBXFileReference; lastKnownFileType = sourcecode.c.objc; path = main.m; sourceTree = "<group>"; };
/* End PBXFileReference section */

/* Begin PBXFrameworksBuildPhase section */
		BC2DC29E1B38EFAE00E8B021 /* Frameworks */ = {
			isa = PBXFrameworksBuildPhase;
			buildActionMask = 2147483647;
			files = (
			);
			runOnlyForDeploymentPostprocessing = 0;
		};
/* End PBXFrameworksBuildPhase section */

/* Begin PBXGroup section */
		BC2DC2981B38EFAE00E8B021 = {
			isa = PBXGroup;
			children = (
				BC2DC2A31B38EFAE00E8B021 /* OC_PList */,
				BC2DC2A21B38EFAE00E8B021 /* Products */,
			);
			sourceTree = "<group>";
		};
		BC2DC2A21B38EFAE00E8B021 /* Products */ = {
			isa = PBXGroup;
			children = (
				BC2DC2A11B38EFAE00E8B021 /* OC_PList */,
			);
			name = Products;
			sourceTree = "<group>";
		};
		BC2DC2A31B38EFAE00E8B021 /* OC_PList */ = {
			isa = PBXGroup;
			children = (
				BC2DC2A41B38EFAE00E8B021 /* main.m */,
			);
			path = OC_PList;
			sourceTree = "<group>";
		};
/* End PBXGroup section */

/* Begin PBXNativeTarget section */
		BC2DC2A01B38EFAE00E8B021 /* OC_PList */ = {
			isa = PBXNativeTarget;
			buildConfigurationList = BC2DC2A81B38EFAE00E8B021 /* Build configuration list for PBXNativeTarget "OC_PList" */;
			buildPhases = (
				BC2DC29D1B38EFAE00E8B021 /* Sources */,
				BC2DC29E1B38EFAE00E8B021 /* Frameworks */,
				BC2DC29F1B38EFAE00E8B021 /* CopyFiles */,
			);
			buildRules = (
			);
			dependencies = (
			);
			name = OC_PList;
			productName = OC_PList;
			productReference = BC2DC2A11B38EFAE00E8B021 /* OC_PList */;
			productType = "com.apple.product-type.tool";
		};
/* End PBXNativeTarget section */

/* Begin PBXProject section */
		BC2DC2991B38EFAE00E8B021 /* Project object */ = {
			isa = PBXProject;
			attributes = {
				LastUpgradeCheck = 0630;
				ORGANIZATIONNAME = qianfeng;
				TargetAttributes = {
					BC2DC2A01B38EFAE00E8B021 = {
						CreatedOnToolsVersion = 6.3;
					};
				};
			};
			buildConfigurationList = BC2DC29C1B38EFAE00E8B021 /* Build configuration list for PBXProject "OC_PList" */;
			compatibilityVersion = "Xcode 3.2";
			developmentRegion = English;
			hasScannedForEncodings = 0;
			knownRegions = (
				en,
			);
			mainGroup = BC2DC2981B38EFAE00E8B021;
			productRefGroup = BC2DC2A21B38EFAE00E8B021 /* Products */;
			projectDirPath = "";
			projectRoot = "";
			targets = (
				BC2DC2A01B38EFAE00E8B021 /* OC_PList */,
			);
		};
/* End PBXProject section */

/* Begin PBXSourcesBuildPhase section */
		BC2DC29D1B38EFAE00E8B021 /* Sources */ = {
			isa = PBXSourcesBuildPhase;
			buildActionMask = 2147483647;
			files = (
				BC2DC2A51B38EFAE00E8B021 /* main.m in Sources */,
			);
			runOnlyForDeploymentPostprocessing = 0;
		};
/* End PBXSourcesBuildPhase section */

/* Begin XCBuildConfiguration section */
		BC2DC2A61B38EFAE00E8B021 /* Debug */ = {
			isa = XCBuildConfiguration;
			buildSettings = {
				ALWAYS_SEARCH_USER_PATHS = NO;
				CLANG_CXX_LANGUAGE_STANDARD = "gnu++0x";
				CLANG_CXX_LIBRARY = "libc++";
				CLANG_ENABLE_MODULES = YES;
				CLANG_ENABLE_OBJC_ARC = YES;
				CLANG_WARN_BOOL_CONVERSION = YES;
				CLANG_WARN_CONSTANT_CONVERSION = YES;
				CLANG_WARN_DIRECT_OBJC_ISA_USAGE = YES_ERROR;
				CLANG_WARN_EMPTY_BODY = YES;
				CLANG_WARN_ENUM_CONVERSION = YES;
				CLANG_WARN_INT_CONVERSION = YES;
				CLANG_WARN_OBJC_ROOT_CLASS = YES_ERROR;
				CLANG_WARN_UNREACHABLE_CODE = YES;
				CLANG_WARN__DUPLICATE_METHOD_MATCH = YES;
				COPY_PHASE_STRIP = NO;
				DEBUG_INFORMATION_FORMAT = dwarf;
				ENABLE_STRICT_OBJC_MSGSEND = YES;
				GCC_C_LANGUAGE_STANDARD = gnu99;
				GCC_DYNAMIC_NO_PIC = NO;
				GCC_NO_COMMON_BLOCKS = YES;
				GCC_OPTIMIZATION_LEVEL = 0;
				GCC_PREPROCESSOR_DEFINITIONS = (
					"DEBUG=1",
					"$(inherited)",
				);
				GCC_SYMBOLS_PRIVATE_EXTERN = NO;
				GCC_WARN_64_TO_32_BIT_CONVERSION = YES;
				GCC_WARN_ABOUT_RETURN_TYPE = YES_ERROR;
				GCC_WARN_UNDECLARED_SELECTOR = YES;
				GCC_WARN_UNINITIALIZED_AUTOS = YES_AGGRESSIVE;
				GCC_WARN_UNUSED_FUNCTION = YES;
				GCC_WARN_UNUSED_VARIABLE = YES;
				MACOSX_DEPLOYMENT_TARGET = 10.10;
				MTL_ENABLE_DEBUG_INFO = YES;
				ONLY_ACTIVE_ARCH = YES;
				SDKROOT = macosx;
			};
			name = Debug;
		};
		BC2DC2A71B38EFAE00E8B021 /* Release */ = {
			isa = XCBuildConfiguration;
			buildSettings = {
				ALWAYS_SEARCH_USER_PATHS = NO;
				CLANG_CXX_LANGUAGE_STANDARD = "gnu++0x";
				CLANG_CXX_LIBRARY = "libc++";
				CLANG_ENABLE_MODULES = YES;
				CLANG_ENABLE_OBJC_ARC = YES;
				CLANG_WARN_BOOL_CONVERSION = YES;
				CLANG_WARN_CONSTANT_CONVERSION = YES;
				CLANG_WARN_DIRECT_OBJC_ISA_USAGE = YES_ERROR;
				CLANG_WARN_EMPTY_BODY = YES;
				CLANG_WARN_ENUM_CONVERSION = YES;
				CLANG_WARN_INT_CONVERSION = YES;
				CLANG_WARN_OBJC_ROOT_CLASS = YES_ERROR;
				CLANG_WARN_UNREACHABLE_CODE = YES;
				CLANG_WARN__DUPLICATE_METHOD_MATCH = YES;
				COPY_PHASE_STRIP = NO;
				DEBUG_INFORMATION_FORMAT = "dwarf-with-dsym";
				ENABLE_NS_ASSERTIONS = NO;
				ENABLE_STRICT_OBJC_MSGSEND = YES;
				GCC_C_LANGUAGE_STANDARD = gnu99;
				GCC_NO_COMMON_BLOCKS = YES;
				GCC_WARN_64_TO_32_BIT_CONVERSION = YES;
				GCC_WARN_ABOUT_RETURN_TYPE = YES_ERROR;
				GCC_WARN_UNDECLARED_SELECTOR = YES;
				GCC_WARN_UNINITIALIZED_AUTOS = YES_AGGRESSIVE;
				GCC_WARN_UNUSED_FUNCTION = YES;
				GCC_WARN_UNUSED_VARIABLE = YES;
				MACOSX_DEPLOYMENT_TARGET = 10.10;
				MTL_ENABLE_DEBUG_INFO = NO;
				SDKROOT = macosx;
			};
			name = Release;
		};
		BC2DC2A91B38EFAE00E8B021 /* Debug */ = {
			isa = XCBuildConfiguration;
			buildSettings = {
				PRODUCT_NAME = "$(TARGET_NAME)";
			};
			name = Debug;
		};
		BC2DC2AA1B38EFAE00E8B021 /* Release */ = {
			isa = XCBuildConfiguration;
			buildSettings = {
				PRODUCT_NAME = "$(TARGET_NAME)";
			};
			name = Release;
		};
/* End XCBuildConfiguration section */

/* Begin XCConfigurationList section */
		BC2DC29C1B38EFAE00E8B021 /* Build configuration list for PBXProject "OC_PList" */ = {
			isa = XCConfigurationList;
			buildConfigurations = (
				BC2DC2A61B38EFAE00E8B021 /* Debug */,
				BC2DC2A71B38EFAE00E8B021 /* Release */,
			);
			defaultConfigurationIsVisible = 0;
			defaultConfigurationName = Release;
		};
		BC2DC2A81B38EFAE00E8B021 /* Build configuration list for PBXNativeTarget "OC_PList" */ = {
			isa = XCConfigurationList;
			buildConfigurations = (
				BC2DC2A91B38EFAE00E8B021 /* Debug */,
				BC2DC2AA1B38EFAE00E8B021 /* Release */,
			);
			defaultConfigurationIsVisible = 0;
		};
/* End XCConfigurationList section */
	};
	rootObject = BC2DC2991B38EFAE00E8B021 /* Project object */;
}
