// !$*UTF8*$!
{
	archiveVersion = 1;
	classes = {
	};
	objectVersion = 46;
	objects = {

/* Begin PBXBuildFile section */
		BC40017D1B315FD400483F42 /* main.m in Sources */ = {isa = PBXBuildFile; fileRef = BC40017C1B315FD400483F42 /* main.m */; };
		BC4001851B315FEB00483F42 /* WordManager.m in Sources */ = {isa = PBXBuildFile; fileRef = BC4001841B315FEB00483F42 /* WordManager.m */; };
/* End PBXBuildFile section */

/* Begin PBXCopyFilesBuildPhase section */
		BC4001771B315FD400483F42 /* CopyFiles */ = {
			isa = PBXCopyFilesBuildPhase;
			buildActionMask = 2147483647;
			dstPath = /usr/share/man/man1/;
			dstSubfolderSpec = 0;
			files = (
			);
			runOnlyForDeploymentPostprocessing = 1;
		};
/* End PBXCopyFilesBuildPhase section */

/* Begin PBXFileReference section */
		BC4001791B315FD400483F42 /* OC_单词个数(讲) */ = {isa = PBXFileReference; explicitFileType = "compiled.mach-o.executable"; includeInIndex = 0; path = "OC_单词个数(讲)"; sourceTree = BUILT_PRODUCTS_DIR; };
		BC40017C1B315FD400483F42 /* main.m */ = {isa = PBXFileReference; lastKnownFileType = sourcecode.c.objc; path = main.m; sourceTree = "<group>"; };
		BC4001831B315FEB00483F42 /* WordManager.h */ = {isa = PBXFileReference; fileEncoding = 4; lastKnownFileType = sourcecode.c.h; path = WordManager.h; sourceTree = "<group>"; };
		BC4001841B315FEB00483F42 /* WordManager.m */ = {isa = PBXFileReference; fileEncoding = 4; lastKnownFileType = sourcecode.c.objc; path = WordManager.m; sourceTree = "<group>"; };
/* End PBXFileReference section */

/* Begin PBXFrameworksBuildPhase section */
		BC4001761B315FD400483F42 /* Frameworks */ = {
			isa = PBXFrameworksBuildPhase;
			buildActionMask = 2147483647;
			files = (
			);
			runOnlyForDeploymentPostprocessing = 0;
		};
/* End PBXFrameworksBuildPhase section */

/* Begin PBXGroup section */
		BC4001701B315FD400483F42 = {
			isa = PBXGroup;
			children = (
				BC4001831B315FEB00483F42 /* WordManager.h */,
				BC4001841B315FEB00483F42 /* WordManager.m */,
				BC40017B1B315FD400483F42 /* OC_单词个数(讲) */,
				BC40017A1B315FD400483F42 /* Products */,
			);
			sourceTree = "<group>";
		};
		BC40017A1B315FD400483F42 /* Products */ = {
			isa = PBXGroup;
			children = (
				BC4001791B315FD400483F42 /* OC_单词个数(讲) */,
			);
			name = Products;
			sourceTree = "<group>";
		};
		BC40017B1B315FD400483F42 /* OC_单词个数(讲) */ = {
			isa = PBXGroup;
			children = (
				BC40017C1B315FD400483F42 /* main.m */,
			);
			path = "OC_单词个数(讲)";
			sourceTree = "<group>";
		};
/* End PBXGroup section */

/* Begin PBXNativeTarget section */
		BC4001781B315FD400483F42 /* OC_单词个数(讲) */ = {
			isa = PBXNativeTarget;
			buildConfigurationList = BC4001801B315FD400483F42 /* Build configuration list for PBXNativeTarget "OC_单词个数(讲)" */;
			buildPhases = (
				BC4001751B315FD400483F42 /* Sources */,
				BC4001761B315FD400483F42 /* Frameworks */,
				BC4001771B315FD400483F42 /* CopyFiles */,
			);
			buildRules = (
			);
			dependencies = (
			);
			name = "OC_单词个数(讲)";
			productName = "OC_单词个数(讲)";
			productReference = BC4001791B315FD400483F42 /* OC_单词个数(讲) */;
			productType = "com.apple.product-type.tool";
		};
/* End PBXNativeTarget section */

/* Begin PBXProject section */
		BC4001711B315FD400483F42 /* Project object */ = {
			isa = PBXProject;
			attributes = {
				LastUpgradeCheck = 0630;
				ORGANIZATIONNAME = qianfeng;
				TargetAttributes = {
					BC4001781B315FD400483F42 = {
						CreatedOnToolsVersion = 6.3;
					};
				};
			};
			buildConfigurationList = BC4001741B315FD400483F42 /* Build configuration list for PBXProject "OC_单词个数(讲)" */;
			compatibilityVersion = "Xcode 3.2";
			developmentRegion = English;
			hasScannedForEncodings = 0;
			knownRegions = (
				en,
			);
			mainGroup = BC4001701B315FD400483F42;
			productRefGroup = BC40017A1B315FD400483F42 /* Products */;
			projectDirPath = "";
			projectRoot = "";
			targets = (
				BC4001781B315FD400483F42 /* OC_单词个数(讲) */,
			);
		};
/* End PBXProject section */

/* Begin PBXSourcesBuildPhase section */
		BC4001751B315FD400483F42 /* Sources */ = {
			isa = PBXSourcesBuildPhase;
			buildActionMask = 2147483647;
			files = (
				BC40017D1B315FD400483F42 /* main.m in Sources */,
				BC4001851B315FEB00483F42 /* WordManager.m in Sources */,
			);
			runOnlyForDeploymentPostprocessing = 0;
		};
/* End PBXSourcesBuildPhase section */

/* Begin XCBuildConfiguration section */
		BC40017E1B315FD400483F42 /* Debug */ = {
			isa = XCBuildConfiguration;
			buildSettings = {
				ALWAYS_SEARCH_USER_PATHS = NO;
				CLANG_CXX_LANGUAGE_STANDARD = "gnu++0x";
				CLANG_CXX_LIBRARY = "libc++";
				CLANG_ENABLE_MODULES = YES;
				CLANG_ENABLE_OBJC_ARC = YES;
				CLANG_WARN_BOOL_CONVERSION = YES;
				CLANG_WARN_CONSTANT_CONVERSION = YES;
				CLANG_WARN_DIRECT_OBJC_ISA_USAGE = YES_ERROR;
				CLANG_WARN_EMPTY_BODY = YES;
				CLANG_WARN_ENUM_CONVERSION = YES;
				CLANG_WARN_INT_CONVERSION = YES;
				CLANG_WARN_OBJC_ROOT_CLASS = YES_ERROR;
				CLANG_WARN_UNREACHABLE_CODE = YES;
				CLANG_WARN__DUPLICATE_METHOD_MATCH = YES;
				COPY_PHASE_STRIP = NO;
				DEBUG_INFORMATION_FORMAT = dwarf;
				ENABLE_STRICT_OBJC_MSGSEND = YES;
				GCC_C_LANGUAGE_STANDARD = gnu99;
				GCC_DYNAMIC_NO_PIC = NO;
				GCC_NO_COMMON_BLOCKS = YES;
				GCC_OPTIMIZATION_LEVEL = 0;
				GCC_PREPROCESSOR_DEFINITIONS = (
					"DEBUG=1",
					"$(inherited)",
				);
				GCC_SYMBOLS_PRIVATE_EXTERN = NO;
				GCC_WARN_64_TO_32_BIT_CONVERSION = YES;
				GCC_WARN_ABOUT_RETURN_TYPE = YES_ERROR;
				GCC_WARN_UNDECLARED_SELECTOR = YES;
				GCC_WARN_UNINITIALIZED_AUTOS = YES_AGGRESSIVE;
				GCC_WARN_UNUSED_FUNCTION = YES;
				GCC_WARN_UNUSED_VARIABLE = YES;
				MACOSX_DEPLOYMENT_TARGET = 10.10;
				MTL_ENABLE_DEBUG_INFO = YES;
				ONLY_ACTIVE_ARCH = YES;
				SDKROOT = macosx;
			};
			name = Debug;
		};
		BC40017F1B315FD400483F42 /* Release */ = {
			isa = XCBuildConfiguration;
			buildSettings = {
				ALWAYS_SEARCH_USER_PATHS = NO;
				CLANG_CXX_LANGUAGE_STANDARD = "gnu++0x";
				CLANG_CXX_LIBRARY = "libc++";
				CLANG_ENABLE_MODULES = YES;
				CLANG_ENABLE_OBJC_ARC = YES;
				CLANG_WARN_BOOL_CONVERSION = YES;
				CLANG_WARN_CONSTANT_CONVERSION = YES;
				CLANG_WARN_DIRECT_OBJC_ISA_USAGE = YES_ERROR;
				CLANG_WARN_EMPTY_BODY = YES;
				CLANG_WARN_ENUM_CONVERSION = YES;
				CLANG_WARN_INT_CONVERSION = YES;
				CLANG_WARN_OBJC_ROOT_CLASS = YES_ERROR;
				CLANG_WARN_UNREACHABLE_CODE = YES;
				CLANG_WARN__DUPLICATE_METHOD_MATCH = YES;
				COPY_PHASE_STRIP = NO;
				DEBUG_INFORMATION_FORMAT = "dwarf-with-dsym";
				ENABLE_NS_ASSERTIONS = NO;
				ENABLE_STRICT_OBJC_MSGSEND = YES;
				GCC_C_LANGUAGE_STANDARD = gnu99;
				GCC_NO_COMMON_BLOCKS = YES;
				GCC_WARN_64_TO_32_BIT_CONVERSION = YES;
				GCC_WARN_ABOUT_RETURN_TYPE = YES_ERROR;
				GCC_WARN_UNDECLARED_SELECTOR = YES;
				GCC_WARN_UNINITIALIZED_AUTOS = YES_AGGRESSIVE;
				GCC_WARN_UNUSED_FUNCTION = YES;
				GCC_WARN_UNUSED_VARIABLE = YES;
				MACOSX_DEPLOYMENT_TARGET = 10.10;
				MTL_ENABLE_DEBUG_INFO = NO;
				SDKROOT = macosx;
			};
			name = Release;
		};
		BC4001811B315FD400483F42 /* Debug */ = {
			isa = XCBuildConfiguration;
			buildSettings = {
				PRODUCT_NAME = "$(TARGET_NAME)";
			};
			name = Debug;
		};
		BC4001821B315FD400483F42 /* Release */ = {
			isa = XCBuildConfiguration;
			buildSettings = {
				PRODUCT_NAME = "$(TARGET_NAME)";
			};
			name = Release;
		};
/* End XCBuildConfiguration section */

/* Begin XCConfigurationList section */
		BC4001741B315FD400483F42 /* Build configuration list for PBXProject "OC_单词个数(讲)" */ = {
			isa = XCConfigurationList;
			buildConfigurations = (
				BC40017E1B315FD400483F42 /* Debug */,
				BC40017F1B315FD400483F42 /* Release */,
			);
			defaultConfigurationIsVisible = 0;
			defaultConfigurationName = Release;
		};
		BC4001801B315FD400483F42 /* Build configuration list for PBXNativeTarget "OC_单词个数(讲)" */ = {
			isa = XCConfigurationList;
			buildConfigurations = (
				BC4001811B315FD400483F42 /* Debug */,
				BC4001821B315FD400483F42 /* Release */,
			);
			defaultConfigurationIsVisible = 0;
		};
/* End XCConfigurationList section */
	};
	rootObject = BC4001711B315FD400483F42 /* Project object */;
}
